
Microsoft Visual Studio Solution File, Format Version 12.00
# Visual Studio 15
VisualStudioVersion = 15.0.26430.16
MinimumVisualStudioVersion = 10.0.40219.1
Project("{9A19103F-16F7-4668-BE54-9A1E7A4F7556}") = "EstoqueApi", "EstoqueApi\EstoqueApi.csproj", "{3922BBB0-2918-4D69-80E9-7A5464B417CF}"
EndProject
Project("{9A19103F-16F7-4668-BE54-9A1E7A4F7556}") = "EstoqueData", "EstoqueData\EstoqueData.csproj", "{8A98671A-186A-4A9F-A673-FC874EE55CAE}"
EndProject
Project("{E24C65DC-7377-472B-9ABA-BC803B73C61A}") = "EstoqueWeb", "EstoqueWeb\", "{EC34D327-D980-4941-A8AB-1B2823AC4C2D}"
	ProjectSection(WebsiteProperties) = preProject
		TargetFrameworkMoniker = ".NETFramework,Version%3Dv4.0"
		Debug.AspNetCompiler.VirtualPath = "/localhost_62162"
		Debug.AspNetCompiler.PhysicalPath = "EstoqueWeb\"
		Debug.AspNetCompiler.TargetPath = "PrecompiledWeb\localhost_62162\"
		Debug.AspNetCompiler.Updateable = "true"
		Debug.AspNetCompiler.ForceOverwrite = "true"
		Debug.AspNetCompiler.FixedNames = "false"
		Debug.AspNetCompiler.Debug = "True"
		Release.AspNetCompiler.VirtualPath = "/localhost_62162"
		Release.AspNetCompiler.PhysicalPath = "EstoqueWeb\"
		Release.AspNetCompiler.TargetPath = "PrecompiledWeb\localhost_62162\"
		Release.AspNetCompiler.Updateable = "true"
		Release.AspNetCompiler.ForceOverwrite = "true"
		Release.AspNetCompiler.FixedNames = "false"
		Release.AspNetCompiler.Debug = "False"
		VWDPort = "62162"
		SlnRelativePath = "EstoqueWeb\"
	EndProjectSection
EndProject
Global
	GlobalSection(SolutionConfigurationPlatforms) = preSolution
		Debug|Any CPU = Debug|Any CPU
		Release|Any CPU = Release|Any CPU
	EndGlobalSection
	GlobalSection(ProjectConfigurationPlatforms) = postSolution
		{3922BBB0-2918-4D69-80E9-7A5464B417CF}.Debug|Any CPU.ActiveCfg = Debug|Any CPU
		{3922BBB0-2918-4D69-80E9-7A5464B417CF}.Debug|Any CPU.Build.0 = Debug|Any CPU
		{3922BBB0-2918-4D69-80E9-7A5464B417CF}.Release|Any CPU.ActiveCfg = Release|Any CPU
		{3922BBB0-2918-4D69-80E9-7A5464B417CF}.Release|Any CPU.Build.0 = Release|Any CPU
		{8A98671A-186A-4A9F-A673-FC874EE55CAE}.Debug|Any CPU.ActiveCfg = Debug|Any CPU
		{8A98671A-186A-4A9F-A673-FC874EE55CAE}.Debug|Any CPU.Build.0 = Debug|Any CPU
		{8A98671A-186A-4A9F-A673-FC874EE55CAE}.Release|Any CPU.ActiveCfg = Release|Any CPU
		{8A98671A-186A-4A9F-A673-FC874EE55CAE}.Release|Any CPU.Build.0 = Release|Any CPU
		{EC34D327-D980-4941-A8AB-1B2823AC4C2D}.Debug|Any CPU.ActiveCfg = Debug|Any CPU
		{EC34D327-D980-4941-A8AB-1B2823AC4C2D}.Debug|Any CPU.Build.0 = Debug|Any CPU
		{EC34D327-D980-4941-A8AB-1B2823AC4C2D}.Release|Any CPU.ActiveCfg = Debug|Any CPU
		{EC34D327-D980-4941-A8AB-1B2823AC4C2D}.Release|Any CPU.Build.0 = Debug|Any CPU
	EndGlobalSection
	GlobalSection(SolutionProperties) = preSolution
		HideSolutionNode = FALSE
	EndGlobalSection
EndGlobal
